
Microsoft Visual Studio Solution File, Format Version 12.00
# Visual Studio 2012
Project("{FAE04EC0-301F-11D3-BF4B-00C04F79EFBC}") = "NBuildingBlock", "NBuildingBlock\NBuildingBlock.csproj", "{30CB6A13-DCC8-4BEB-9A4A-A6D226A34041}"
EndProject
Global
	GlobalSection(SolutionConfigurationPlatforms) = preSolution
		Debug|Any CPU = Debug|Any CPU
		Release|Any CPU = Release|Any CPU
	EndGlobalSection
	GlobalSection(ProjectConfigurationPlatforms) = postSolution
		{30CB6A13-DCC8-4BEB-9A4A-A6D226A34041}.Debug|Any CPU.ActiveCfg = Debug|Any CPU
		{30CB6A13-DCC8-4BEB-9A4A-A6D226A34041}.Debug|Any CPU.Build.0 = Debug|Any CPU
		{30CB6A13-DCC8-4BEB-9A4A-A6D226A34041}.Release|Any CPU.ActiveCfg = Release|Any CPU
		{30CB6A13-DCC8-4BEB-9A4A-A6D226A34041}.Release|Any CPU.Build.0 = Release|Any CPU
	EndGlobalSection
	GlobalSection(SolutionProperties) = preSolution
		HideSolutionNode = FALSE
	EndGlobalSection
EndGlobal
